
Microsoft Visual Studio Solution File, Format Version 12.00
# Visual Studio 15
VisualStudioVersion = 15.0.27428.2015
MinimumVisualStudioVersion = 10.0.40219.1
Project("{FAE04EC0-301F-11D3-BF4B-00C04F79EFBC}") = "WebApiSmartv2", "WebApiSmartv2\WebApiSmartv2.csproj", "{BC43B666-2F35-499A-B7E8-029E5CFDD26E}"
EndProject
Global
	GlobalSection(SolutionConfigurationPlatforms) = preSolution
		Debug|Any CPU = Debug|Any CPU
		Release|Any CPU = Release|Any CPU
	EndGlobalSection
	GlobalSection(ProjectConfigurationPlatforms) = postSolution
		{BC43B666-2F35-499A-B7E8-029E5CFDD26E}.Debug|Any CPU.ActiveCfg = Debug|Any CPU
		{BC43B666-2F35-499A-B7E8-029E5CFDD26E}.Debug|Any CPU.Build.0 = Debug|Any CPU
		{BC43B666-2F35-499A-B7E8-029E5CFDD26E}.Release|Any CPU.ActiveCfg = Release|Any CPU
		{BC43B666-2F35-499A-B7E8-029E5CFDD26E}.Release|Any CPU.Build.0 = Release|Any CPU
	EndGlobalSection
	GlobalSection(SolutionProperties) = preSolution
		HideSolutionNode = FALSE
	EndGlobalSection
	GlobalSection(ExtensibilityGlobals) = postSolution
		SolutionGuid = {6B3D94EC-5924-471D-BE1B-78208718EC02}
	EndGlobalSection
EndGlobal
